
Microsoft Visual Studio Solution File, Format Version 12.00
# Visual Studio Version 17
VisualStudioVersion = 17.10.35004.147
MinimumVisualStudioVersion = 10.0.40219.1
Project("{9A19103F-16F7-4668-BE54-9A1E7A4F7556}") = "Conference.Client", "Conference.Client\Conference.Client.csproj", "{61692413-46F6-4732-A05E-813C27759619}"
EndProject
Project("{9A19103F-16F7-4668-BE54-9A1E7A4F7556}") = "Conference.Server", "Conference.Server\Conference.Server.csproj", "{4E037DE5-BC87-4423-94BB-C0890350B956}"
EndProject
Project("{FAE04EC0-301F-11D3-BF4B-00C04F79EFBC}") = "Conference.Hub", "Conference.Hub\Conference.Hub.csproj", "{9AD260AC-E895-4D3F-8B52-014C1DBA4BF3}"
EndProject
Project("{FAE04EC0-301F-11D3-BF4B-00C04F79EFBC}") = "Conference.Core", "Conference.Core\Conference.Core.csproj", "{C9E65322-6804-4C3B-913C-7189C0F7C3D8}"
EndProject
Global
	GlobalSection(SolutionConfigurationPlatforms) = preSolution
		Debug|Any CPU = Debug|Any CPU
		Release|Any CPU = Release|Any CPU
	EndGlobalSection
	GlobalSection(ProjectConfigurationPlatforms) = postSolution
		{61692413-46F6-4732-A05E-813C27759619}.Debug|Any CPU.ActiveCfg = Debug|Any CPU
		{61692413-46F6-4732-A05E-813C27759619}.Debug|Any CPU.Build.0 = Debug|Any CPU
		{61692413-46F6-4732-A05E-813C27759619}.Release|Any CPU.ActiveCfg = Release|Any CPU
		{61692413-46F6-4732-A05E-813C27759619}.Release|Any CPU.Build.0 = Release|Any CPU
		{4E037DE5-BC87-4423-94BB-C0890350B956}.Debug|Any CPU.ActiveCfg = Debug|Any CPU
		{4E037DE5-BC87-4423-94BB-C0890350B956}.Debug|Any CPU.Build.0 = Debug|Any CPU
		{4E037DE5-BC87-4423-94BB-C0890350B956}.Release|Any CPU.ActiveCfg = Release|Any CPU
		{4E037DE5-BC87-4423-94BB-C0890350B956}.Release|Any CPU.Build.0 = Release|Any CPU
		{9AD260AC-E895-4D3F-8B52-014C1DBA4BF3}.Debug|Any CPU.ActiveCfg = Debug|Any CPU
		{9AD260AC-E895-4D3F-8B52-014C1DBA4BF3}.Debug|Any CPU.Build.0 = Debug|Any CPU
		{9AD260AC-E895-4D3F-8B52-014C1DBA4BF3}.Release|Any CPU.ActiveCfg = Release|Any CPU
		{9AD260AC-E895-4D3F-8B52-014C1DBA4BF3}.Release|Any CPU.Build.0 = Release|Any CPU
		{C9E65322-6804-4C3B-913C-7189C0F7C3D8}.Debug|Any CPU.ActiveCfg = Debug|Any CPU
		{C9E65322-6804-4C3B-913C-7189C0F7C3D8}.Debug|Any CPU.Build.0 = Debug|Any CPU
		{C9E65322-6804-4C3B-913C-7189C0F7C3D8}.Release|Any CPU.ActiveCfg = Release|Any CPU
		{C9E65322-6804-4C3B-913C-7189C0F7C3D8}.Release|Any CPU.Build.0 = Release|Any CPU
	EndGlobalSection
	GlobalSection(SolutionProperties) = preSolution
		HideSolutionNode = FALSE
	EndGlobalSection
	GlobalSection(ExtensibilityGlobals) = postSolution
		SolutionGuid = {A6AADBBB-10E9-4FE0-9181-7EC0F2D5A0CC}
	EndGlobalSection
EndGlobal
